
Microsoft Visual Studio Solution File, Format Version 12.00
# Visual Studio Version 17
VisualStudioVersion = 17.6.33815.320
MinimumVisualStudioVersion = 10.0.40219.1
Project("{FAE04EC0-301F-11D3-BF4B-00C04F79EFBC}") = "FinalDotNet", "FinalDotNet\FinalDotNet.csproj", "{E6FBE423-553E-4F7D-A6E2-70CC97A4F3DF}"
EndProject
Project("{FAE04EC0-301F-11D3-BF4B-00C04F79EFBC}") = "Dominio", "Dominio\Dominio.csproj", "{EE44A613-08AB-4B2B-AB39-ABCAB7A6DCCE}"
EndProject
Project("{FAE04EC0-301F-11D3-BF4B-00C04F79EFBC}") = "Negocio", "Negocio\Negocio.csproj", "{230E978A-08AA-4A8C-9701-002CDF14C23A}"
EndProject
Global
	GlobalSection(SolutionConfigurationPlatforms) = preSolution
		Debug|Any CPU = Debug|Any CPU
		Release|Any CPU = Release|Any CPU
	EndGlobalSection
	GlobalSection(ProjectConfigurationPlatforms) = postSolution
		{E6FBE423-553E-4F7D-A6E2-70CC97A4F3DF}.Debug|Any CPU.ActiveCfg = Debug|Any CPU
		{E6FBE423-553E-4F7D-A6E2-70CC97A4F3DF}.Debug|Any CPU.Build.0 = Debug|Any CPU
		{E6FBE423-553E-4F7D-A6E2-70CC97A4F3DF}.Release|Any CPU.ActiveCfg = Release|Any CPU
		{E6FBE423-553E-4F7D-A6E2-70CC97A4F3DF}.Release|Any CPU.Build.0 = Release|Any CPU
		{EE44A613-08AB-4B2B-AB39-ABCAB7A6DCCE}.Debug|Any CPU.ActiveCfg = Debug|Any CPU
		{EE44A613-08AB-4B2B-AB39-ABCAB7A6DCCE}.Debug|Any CPU.Build.0 = Debug|Any CPU
		{EE44A613-08AB-4B2B-AB39-ABCAB7A6DCCE}.Release|Any CPU.ActiveCfg = Release|Any CPU
		{EE44A613-08AB-4B2B-AB39-ABCAB7A6DCCE}.Release|Any CPU.Build.0 = Release|Any CPU
		{230E978A-08AA-4A8C-9701-002CDF14C23A}.Debug|Any CPU.ActiveCfg = Debug|Any CPU
		{230E978A-08AA-4A8C-9701-002CDF14C23A}.Debug|Any CPU.Build.0 = Debug|Any CPU
		{230E978A-08AA-4A8C-9701-002CDF14C23A}.Release|Any CPU.ActiveCfg = Release|Any CPU
		{230E978A-08AA-4A8C-9701-002CDF14C23A}.Release|Any CPU.Build.0 = Release|Any CPU
	EndGlobalSection
	GlobalSection(SolutionProperties) = preSolution
		HideSolutionNode = FALSE
	EndGlobalSection
	GlobalSection(ExtensibilityGlobals) = postSolution
		SolutionGuid = {FE199F12-C269-4211-B93B-3BDCA3744290}
	EndGlobalSection
EndGlobal
